
Microsoft Visual Studio Solution File, Format Version 12.00
# Visual Studio Version 17
VisualStudioVersion = 17.9.34701.34
MinimumVisualStudioVersion = 10.0.40219.1
Project("{FAE04EC0-301F-11D3-BF4B-00C04F79EFBC}") = "RengifoMaui", "RengifoMaui\RengifoMaui.csproj", "{7C73DBF4-18B8-47CE-BECC-3B3192D15325}"
EndProject
Global
	GlobalSection(SolutionConfigurationPlatforms) = preSolution
		Debug|Any CPU = Debug|Any CPU
		Release|Any CPU = Release|Any CPU
	EndGlobalSection
	GlobalSection(ProjectConfigurationPlatforms) = postSolution
		{7C73DBF4-18B8-47CE-BECC-3B3192D15325}.Debug|Any CPU.ActiveCfg = Debug|Any CPU
		{7C73DBF4-18B8-47CE-BECC-3B3192D15325}.Debug|Any CPU.Build.0 = Debug|Any CPU
		{7C73DBF4-18B8-47CE-BECC-3B3192D15325}.Debug|Any CPU.Deploy.0 = Debug|Any CPU
		{7C73DBF4-18B8-47CE-BECC-3B3192D15325}.Release|Any CPU.ActiveCfg = Release|Any CPU
		{7C73DBF4-18B8-47CE-BECC-3B3192D15325}.Release|Any CPU.Build.0 = Release|Any CPU
		{7C73DBF4-18B8-47CE-BECC-3B3192D15325}.Release|Any CPU.Deploy.0 = Release|Any CPU
	EndGlobalSection
	GlobalSection(SolutionProperties) = preSolution
		HideSolutionNode = FALSE
	EndGlobalSection
	GlobalSection(ExtensibilityGlobals) = postSolution
		SolutionGuid = {B39E7AC5-E558-45B1-99FD-CC4B2E9CC94B}
	EndGlobalSection
EndGlobal
